{
  "requires": true,
  "lockfileVersion": 1,
  "dependencies": {
    "@jridgewell/gen-mapping": {
      "version": "0.3.3",
      "resolved": "https://registry.npmjs.org/@jridgewell/gen-mapping/-/gen-mapping-0.3.3.tgz",
      "integrity": "sha512-HLhSWOLRi875zjjMG/r+Nv0oCW8umGb0BgEhyX3dDX3egwZtB8PqLnjz3yedt8R5StBrzcg4aBpnh8UA9D1BoQ==",
      "requires": {
        "@jridgewell/set-array": "^1.0.1",
        "@jridgewell/sourcemap-codec": "^1.4.10",
        "@jridgewell/trace-mapping": "^0.3.9"
      }
    },
    "@jridgewell/resolve-uri": {
      "version": "3.1.0",
      "resolved": "https://registry.npmjs.org/@jridgewell/resolve-uri/-/resolve-uri-3.1.0.tgz",
      "integrity": "sha512-F2msla3tad+Mfht5cJq7LSXcdudKTWCVYUgw6pLFOOHSTtZlj6SWNYAp+AhuqLmWdBO2X5hPrLcu8cVP8fy28w=="
    },
    "@jridgewell/set-array": {
      "version": "1.1.2",
      "resolved": "https://registry.npmjs.org/@jridgewell/set-array/-/set-array-1.1.2.tgz",
      "integrity": "sha512-xnkseuNADM0gt2bs+BvhO0p78Mk762YnZdsuzFV018NoG1Sj1SCQvpSqa7XUaTam5vAGasABV9qXASMKnFMwMw=="
    },
    "@jridgewell/source-map": {
      "version": "0.3.3",
      "resolved": "https://registry.npmjs.org/@jridgewell/source-map/-/source-map-0.3.3.tgz",
      "integrity": "sha512-b+fsZXeLYi9fEULmfBrhxn4IrPlINf8fiNarzTof004v3lFdntdwa9PF7vFJqm3mg7s+ScJMxXaE3Acp1irZcg==",
      "requires": {
        "@jridgewell/gen-mapping": "^0.3.0",
        "@jridgewell/trace-mapping": "^0.3.9"
      }
    },
    "@jridgewell/sourcemap-codec": {
      "version": "1.4.14",
      "resolved": "https://registry.npmjs.org/@jridgewell/sourcemap-codec/-/sourcemap-codec-1.4.14.tgz",
      "integrity": "sha512-XPSJHWmi394fuUuzDnGz1wiKqWfo1yXecHQMRf2l6hztTO+nPru658AyDngaBe7isIxEkRsPR3FZh+s7iVa4Uw=="
    },
    "@jridgewell/trace-mapping": {
      "version": "0.3.18",
      "resolved": "https://registry.npmjs.org/@jridgewell/trace-mapping/-/trace-mapping-0.3.18.tgz",
      "integrity": "sha512-w+niJYzMHdd7USdiH2U6869nqhD2nbfZXND5Yp93qIbEmnDNk7PD48o+YchRVpzMU7M6jVCbenTR7PA1FLQ9pA==",
      "requires": {
        "@jridgewell/resolve-uri": "3.1.0",
        "@jridgewell/sourcemap-codec": "1.4.14"
      }
    },
    "@types/eslint": {
      "version": "8.40.2",
      "resolved": "https://registry.npmjs.org/@types/eslint/-/eslint-8.40.2.tgz",
      "integrity": "sha512-PRVjQ4Eh9z9pmmtaq8nTjZjQwKFk7YIHIud3lRoKRBgUQjgjRmoGxxGEPXQkF+lH7QkHJRNr5F4aBgYCW0lqpQ==",
      "requires": {
        "@types/estree": "*",
        "@types/json-schema": "*"
      }
    },
    "@types/eslint-scope": {
      "version": "3.7.4",
      "resolved": "https://registry.npmjs.org/@types/eslint-scope/-/eslint-scope-3.7.4.tgz",
      "integrity": "sha512-9K4zoImiZc3HlIp6AVUDE4CWYx22a+lhSZMYNpbjW04+YF0KWj4pJXnEMjdnFTiQibFFmElcsasJXDbdI/EPhA==",
      "requires": {
        "@types/eslint": "*",
        "@types/estree": "*"
      }
    },
    "@types/estree": {
      "version": "1.0.1",
      "resolved": "https://registry.npmjs.org/@types/estree/-/estree-1.0.1.tgz",
      "integrity": "sha512-LG4opVs2ANWZ1TJoKc937iMmNstM/d0ae1vNbnBvBhqCSezgVUOzcLCqbI5elV8Vy6WKwKjaqR+zO9VKirBBCA=="
    },
    "@types/json-schema": {
      "version": "7.0.12",
      "resolved": "https://registry.npmjs.org/@types/json-schema/-/json-schema-7.0.12.tgz",
      "integrity": "sha512-Hr5Jfhc9eYOQNPYO5WLDq/n4jqijdHNlDXjuAQkkt+mWdQR+XJToOHrsD4cPaMXpn6KO7y2+wM8AZEs8VpBLVA=="
    },
    "@types/node": {
      "version": "20.3.1",
      "resolved": "https://registry.npmjs.org/@types/node/-/node-20.3.1.tgz",
      "integrity": "sha512-EhcH/wvidPy1WeML3TtYFGR83UzjxeWRen9V402T8aUGYsCHOmfoisV3ZSg03gAFIbLq8TnWOJ0f4cALtnSEUg=="
    },
    "@webassemblyjs/ast": {
      "version": "1.11.6",
      "resolved": "https://registry.npmjs.org/@webassemblyjs/ast/-/ast-1.11.6.tgz",
      "integrity": "sha512-IN1xI7PwOvLPgjcf180gC1bqn3q/QaOCwYUahIOhbYUu8KA/3tw2RT/T0Gidi1l7Hhj5D/INhJxiICObqpMu4Q==",
      "requires": {
        "@webassemblyjs/helper-numbers": "1.11.6",
        "@webassemblyjs/helper-wasm-bytecode": "1.11.6"
      }
    },
    "@webassemblyjs/floating-point-hex-parser": {
      "version": "1.11.6",
      "resolved": "https://registry.npmjs.org/@webassemblyjs/floating-point-hex-parser/-/floating-point-hex-parser-1.11.6.tgz",
      "integrity": "sha512-ejAj9hfRJ2XMsNHk/v6Fu2dGS+i4UaXBXGemOfQ/JfQ6mdQg/WXtwleQRLLS4OvfDhv8rYnVwH27YJLMyYsxhw=="
    },
    "@webassemblyjs/helper-api-error": {
      "version": "1.11.6",
      "resolved": "https://registry.npmjs.org/@webassemblyjs/helper-api-error/-/helper-api-error-1.11.6.tgz",
      "integrity": "sha512-o0YkoP4pVu4rN8aTJgAyj9hC2Sv5UlkzCHhxqWj8butaLvnpdc2jOwh4ewE6CX0txSfLn/UYaV/pheS2Txg//Q=="
    },
    "@webassemblyjs/helper-buffer": {
      "version": "1.11.6",
      "resolved": "https://registry.npmjs.org/@webassemblyjs/helper-buffer/-/helper-buffer-1.11.6.tgz",
      "integrity": "sha512-z3nFzdcp1mb8nEOFFk8DrYLpHvhKC3grJD2ardfKOzmbmJvEf/tPIqCY+sNcwZIY8ZD7IkB2l7/pqhUhqm7hLA=="
    },
    "@webassemblyjs/helper-numbers": {
      "version": "1.11.6",
      "resolved": "https://registry.npmjs.org/@webassemblyjs/helper-numbers/-/helper-numbers-1.11.6.tgz",
      "integrity": "sha512-vUIhZ8LZoIWHBohiEObxVm6hwP034jwmc9kuq5GdHZH0wiLVLIPcMCdpJzG4C11cHoQ25TFIQj9kaVADVX7N3g==",
      "requires": {
        "@webassemblyjs/floating-point-hex-parser": "1.11.6",
        "@webassemblyjs/helper-api-error": "1.11.6",
        "@xtuc/long": "4.2.2"
      }
    },
    "@webassemblyjs/helper-wasm-bytecode": {
      "version": "1.11.6",
      "resolved": "https://registry.npmjs.org/@webassemblyjs/helper-wasm-bytecode/-/helper-wasm-bytecode-1.11.6.tgz",
      "integrity": "sha512-sFFHKwcmBprO9e7Icf0+gddyWYDViL8bpPjJJl0WHxCdETktXdmtWLGVzoHbqUcY4Be1LkNfwTmXOJUFZYSJdA=="
    },
    "@webassemblyjs/helper-wasm-section": {
      "version": "1.11.6",
      "resolved": "https://registry.npmjs.org/@webassemblyjs/helper-wasm-section/-/helper-wasm-section-1.11.6.tgz",
      "integrity": "sha512-LPpZbSOwTpEC2cgn4hTydySy1Ke+XEu+ETXuoyvuyezHO3Kjdu90KK95Sh9xTbmjrCsUwvWwCOQQNta37VrS9g==",
      "requires": {
        "@webassemblyjs/ast": "1.11.6",
        "@webassemblyjs/helper-buffer": "1.11.6",
        "@webassemblyjs/helper-wasm-bytecode": "1.11.6",
        "@webassemblyjs/wasm-gen": "1.11.6"
      }
    },
    "@webassemblyjs/ieee754": {
      "version": "1.11.6",
      "resolved": "https://registry.npmjs.org/@webassemblyjs/ieee754/-/ieee754-1.11.6.tgz",
      "integrity": "sha512-LM4p2csPNvbij6U1f19v6WR56QZ8JcHg3QIJTlSwzFcmx6WSORicYj6I63f9yU1kEUtrpG+kjkiIAkevHpDXrg==",
      "requires": {
        "@xtuc/ieee754": "^1.2.0"
      }
    },
    "@webassemblyjs/leb128": {
      "version": "1.11.6",
      "resolved": "https://registry.npmjs.org/@webassemblyjs/leb128/-/leb128-1.11.6.tgz",
      "integrity": "sha512-m7a0FhE67DQXgouf1tbN5XQcdWoNgaAuoULHIfGFIEVKA6tu/edls6XnIlkmS6FrXAquJRPni3ZZKjw6FSPjPQ==",
      "requires": {
        "@xtuc/long": "4.2.2"
      }
    },
    "@webassemblyjs/utf8": {
      "version": "1.11.6",
      "resolved": "https://registry.npmjs.org/@webassemblyjs/utf8/-/utf8-1.11.6.tgz",
      "integrity": "sha512-vtXf2wTQ3+up9Zsg8sa2yWiQpzSsMyXj0qViVP6xKGCUT8p8YJ6HqI7l5eCnWx1T/FYdsv07HQs2wTFbbof/RA=="
    },
    "@webassemblyjs/wasm-edit": {
      "version": "1.11.6",
      "resolved": "https://registry.npmjs.org/@webassemblyjs/wasm-edit/-/wasm-edit-1.11.6.tgz",
      "integrity": "sha512-Ybn2I6fnfIGuCR+Faaz7YcvtBKxvoLV3Lebn1tM4o/IAJzmi9AWYIPWpyBfU8cC+JxAO57bk4+zdsTjJR+VTOw==",
      "requires": {
        "@webassemblyjs/ast": "1.11.6",
        "@webassemblyjs/helper-buffer": "1.11.6",
        "@webassemblyjs/helper-wasm-bytecode": "1.11.6",
        "@webassemblyjs/helper-wasm-section": "1.11.6",
        "@webassemblyjs/wasm-gen": "1.11.6",
        "@webassemblyjs/wasm-opt": "1.11.6",
        "@webassemblyjs/wasm-parser": "1.11.6",
        "@webassemblyjs/wast-printer": "1.11.6"
      }
    },
    "@webassemblyjs/wasm-gen": {
      "version": "1.11.6",
      "resolved": "https://registry.npmjs.org/@webassemblyjs/wasm-gen/-/wasm-gen-1.11.6.tgz",
      "integrity": "sha512-3XOqkZP/y6B4F0PBAXvI1/bky7GryoogUtfwExeP/v7Nzwo1QLcq5oQmpKlftZLbT+ERUOAZVQjuNVak6UXjPA==",
      "requires": {
        "@webassemblyjs/ast": "1.11.6",
        "@webassemblyjs/helper-wasm-bytecode": "1.11.6",
        "@webassemblyjs/ieee754": "1.11.6",
        "@webassemblyjs/leb128": "1.11.6",
        "@webassemblyjs/utf8": "1.11.6"
      }
    },
    "@webassemblyjs/wasm-opt": {
      "version": "1.11.6",
      "resolved": "https://registry.npmjs.org/@webassemblyjs/wasm-opt/-/wasm-opt-1.11.6.tgz",
      "integrity": "sha512-cOrKuLRE7PCe6AsOVl7WasYf3wbSo4CeOk6PkrjS7g57MFfVUF9u6ysQBBODX0LdgSvQqRiGz3CXvIDKcPNy4g==",
      "requires": {
        "@webassemblyjs/ast": "1.11.6",
        "@webassemblyjs/helper-buffer": "1.11.6",
        "@webassemblyjs/wasm-gen": "1.11.6",
        "@webassemblyjs/wasm-parser": "1.11.6"
      }
    },
    "@webassemblyjs/wasm-parser": {
      "version": "1.11.6",
      "resolved": "https://registry.npmjs.org/@webassemblyjs/wasm-parser/-/wasm-parser-1.11.6.tgz",
      "integrity": "sha512-6ZwPeGzMJM3Dqp3hCsLgESxBGtT/OeCvCZ4TA1JUPYgmhAx38tTPR9JaKy0S5H3evQpO/h2uWs2j6Yc/fjkpTQ==",
      "requires": {
        "@webassemblyjs/ast": "1.11.6",
        "@webassemblyjs/helper-api-error": "1.11.6",
        "@webassemblyjs/helper-wasm-bytecode": "1.11.6",
        "@webassemblyjs/ieee754": "1.11.6",
        "@webassemblyjs/leb128": "1.11.6",
        "@webassemblyjs/utf8": "1.11.6"
      }
    },
    "@webassemblyjs/wast-printer": {
      "version": "1.11.6",
      "resolved": "https://registry.npmjs.org/@webassemblyjs/wast-printer/-/wast-printer-1.11.6.tgz",
      "integrity": "sha512-JM7AhRcE+yW2GWYaKeHL5vt4xqee5N2WcezptmgyhNS+ScggqcT1OtXykhAb13Sn5Yas0j2uv9tHgrjwvzAP4A==",
      "requires": {
        "@webassemblyjs/ast": "1.11.6",
        "@xtuc/long": "4.2.2"
      }
    },
    "@xtuc/ieee754": {
      "version": "1.2.0",
      "resolved": "https://registry.npmjs.org/@xtuc/ieee754/-/ieee754-1.2.0.tgz",
      "integrity": "sha512-DX8nKgqcGwsc0eJSqYt5lwP4DH5FlHnmuWWBRy7X0NcaGR0ZtuyeESgMwTYVEtxmsNGY+qit4QYT/MIYTOTPeA=="
    },
    "@xtuc/long": {
      "version": "4.2.2",
      "resolved": "https://registry.npmjs.org/@xtuc/long/-/long-4.2.2.tgz",
      "integrity": "sha512-NuHqBY1PB/D8xU6s/thBgOAiAP7HOYDQ32+BFZILJ8ivkUkAHQnWfn6WhL79Owj1qmUnoN/YPhktdIoucipkAQ=="
    },
    "acorn": {
      "version": "8.9.0",
      "resolved": "https://registry.npmjs.org/acorn/-/acorn-8.9.0.tgz",
      "integrity": "sha512-jaVNAFBHNLXspO543WnNNPZFRtavh3skAkITqD0/2aeMkKZTN+254PyhwxFYrk3vQ1xfY+2wbesJMs/JC8/PwQ=="
    },
    "acorn-import-assertions": {
      "version": "1.9.0",
      "resolved": "https://registry.npmjs.org/acorn-import-assertions/-/acorn-import-assertions-1.9.0.tgz",
      "integrity": "sha512-cmMwop9x+8KFhxvKrKfPYmN6/pKTYYHBqLa0DfvVZcKMJWNyWLnaqND7dx/qn66R7ewM1UX5XMaDVP5wlVTaVA=="
    },
    "ajv": {
      "version": "6.12.6",
      "resolved": "https://registry.npmjs.org/ajv/-/ajv-6.12.6.tgz",
      "integrity": "sha512-j3fVLgvTo527anyYyJOGTYJbG+vnnQYvE0m5mmkc1TK+nxAppkCLMIL0aZ4dblVCNoGShhm+kzE4ZUykBoMg4g==",
      "requires": {
        "fast-deep-equal": "^3.1.1",
        "fast-json-stable-stringify": "^2.0.0",
        "json-schema-traverse": "^0.4.1",
        "uri-js": "^4.2.2"
      }
    },
    "ajv-keywords": {
      "version": "3.5.2",
      "resolved": "https://registry.npmjs.org/ajv-keywords/-/ajv-keywords-3.5.2.tgz",
      "integrity": "sha512-5p6WTN0DdTGVQk6VjcEju19IgaHudalcfabD7yhDGeA6bcQnmL+CpveLJq/3hvfwd1aof6L386Ougkx6RfyMIQ=="
    },
    "browserslist": {
      "version": "4.21.9",
      "resolved": "https://registry.npmjs.org/browserslist/-/browserslist-4.21.9.tgz",
      "integrity": "sha512-M0MFoZzbUrRU4KNfCrDLnvyE7gub+peetoTid3TBIqtunaDJyXlwhakT+/VkvSXcfIzFfK/nkCs4nmyTmxdNSg==",
      "requires": {
        "caniuse-lite": "^1.0.30001503",
        "electron-to-chromium": "^1.4.431",
        "node-releases": "^2.0.12",
        "update-browserslist-db": "^1.0.11"
      }
    },
    "buffer-from": {
      "version": "1.1.2",
      "resolved": "https://registry.npmjs.org/buffer-from/-/buffer-from-1.1.2.tgz",
      "integrity": "sha512-E+XQCRwSbaaiChtv6k6Dwgc+bx+Bs6vuKJHHl5kox/BaKbhiXzqQOwK4cO22yElGp2OCmjwVhT3HmxgyPGnJfQ=="
    },
    "caniuse-lite": {
      "version": "1.0.30001507",
      "resolved": "https://registry.npmjs.org/caniuse-lite/-/caniuse-lite-1.0.30001507.tgz",
      "integrity": "sha512-SFpUDoSLCaE5XYL2jfqe9ova/pbQHEmbheDf5r4diNwbAgR3qxM9NQtfsiSscjqoya5K7kFcHPUQ+VsUkIJR4A=="
    },
    "chrome-trace-event": {
      "version": "1.0.3",
      "resolved": "https://registry.npmjs.org/chrome-trace-event/-/chrome-trace-event-1.0.3.tgz",
      "integrity": "sha512-p3KULyQg4S7NIHixdwbGX+nFHkoBiA4YQmyWtjb8XngSKV124nJmRysgAeujbUVb15vh+RvFUfCPqU7rXk+hZg=="
    },
    "commander": {
      "version": "2.20.3",
      "resolved": "https://registry.npmjs.org/commander/-/commander-2.20.3.tgz",
      "integrity": "sha512-GpVkmM8vF2vQUkj2LvZmD35JxeJOLCwJ9cUkugyk2nuhbv3+mJvpLYYt+0+USMxE+oj+ey/lJEnhZw75x/OMcQ=="
    },
    "electron-to-chromium": {
      "version": "1.4.440",
      "resolved": "https://registry.npmjs.org/electron-to-chromium/-/electron-to-chromium-1.4.440.tgz",
      "integrity": "sha512-r6dCgNpRhPwiWlxbHzZQ/d9swfPaEJGi8ekqRBwQYaR3WmA5VkqQfBWSDDjuJU1ntO+W9tHx8OHV/96Q8e0dVw=="
    },
    "enhanced-resolve": {
      "version": "5.15.0",
      "resolved": "https://registry.npmjs.org/enhanced-resolve/-/enhanced-resolve-5.15.0.tgz",
      "integrity": "sha512-LXYT42KJ7lpIKECr2mAXIaMldcNCh/7E0KBKOu4KSfkHmP+mZmSs+8V5gBAqisWBy0OO4W5Oyys0GO1Y8KtdKg==",
      "requires": {
        "graceful-fs": "^4.2.4",
        "tapable": "^2.2.0"
      }
    },
    "es-module-lexer": {
      "version": "1.3.0",
      "resolved": "https://registry.npmjs.org/es-module-lexer/-/es-module-lexer-1.3.0.tgz",
      "integrity": "sha512-vZK7T0N2CBmBOixhmjdqx2gWVbFZ4DXZ/NyRMZVlJXPa7CyFS+/a4QQsDGDQy9ZfEzxFuNEsMLeQJnKP2p5/JA=="
    },
    "escalade": {
      "version": "3.1.1",
      "resolved": "https://registry.npmjs.org/escalade/-/escalade-3.1.1.tgz",
      "integrity": "sha512-k0er2gUkLf8O0zKJiAhmkTnJlTvINGv7ygDNPbeIsX/TJjGJZHuh9B2UxbsaEkmlEo9MfhrSzmhIlhRlI2GXnw=="
    },
    "eslint-scope": {
      "version": "5.1.1",
      "resolved": "https://registry.npmjs.org/eslint-scope/-/eslint-scope-5.1.1.tgz",
      "integrity": "sha512-2NxwbF/hZ0KpepYN0cNbo+FN6XoK7GaHlQhgx/hIZl6Va0bF45RQOOwhLIy8lQDbuCiadSLCBnH2CFYquit5bw==",
      "requires": {
        "esrecurse": "^4.3.0",
        "estraverse": "^4.1.1"
      }
    },
    "esrecurse": {
      "version": "4.3.0",
      "resolved": "https://registry.npmjs.org/esrecurse/-/esrecurse-4.3.0.tgz",
      "integrity": "sha512-KmfKL3b6G+RXvP8N1vr3Tq1kL/oCFgn2NYXEtqP8/L3pKapUA4G8cFVaoF3SU323CD4XypR/ffioHmkti6/Tag==",
      "requires": {
        "estraverse": "^5.2.0"
      },
      "dependencies": {
        "estraverse": {
          "version": "5.3.0",
          "resolved": "https://registry.npmjs.org/estraverse/-/estraverse-5.3.0.tgz",
          "integrity": "sha512-MMdARuVEQziNTeJD8DgMqmhwR11BRQ/cBP+pLtYdSTnf3MIO8fFeiINEbX36ZdNlfU/7A9f3gUw49B3oQsvwBA=="
        }
      }
    },
    "estraverse": {
      "version": "4.3.0",
      "resolved": "https://registry.npmjs.org/estraverse/-/estraverse-4.3.0.tgz",
      "integrity": "sha512-39nnKffWz8xN1BU/2c79n9nB9HDzo0niYUqx6xyqUnyoAnQyyWpOTdZEeiCch8BBu515t4wp9ZmgVfVhn9EBpw=="
    },
    "events": {
      "version": "3.3.0",
      "resolved": "https://registry.npmjs.org/events/-/events-3.3.0.tgz",
      "integrity": "sha512-mQw+2fkQbALzQ7V0MY0IqdnXNOeTtP4r0lN9z7AAawCXgqea7bDii20AYrIBrFd/Hx0M2Ocz6S111CaFkUcb0Q=="
    },
    "fast-deep-equal": {
      "version": "3.1.3",
      "resolved": "https://registry.npmjs.org/fast-deep-equal/-/fast-deep-equal-3.1.3.tgz",
      "integrity": "sha512-f3qQ9oQy9j2AhBe/H9VC91wLmKBCCU/gDOnKNAYG5hswO7BLKj09Hc5HYNz9cGI++xlpDCIgDaitVs03ATR84Q=="
    },
    "fast-json-stable-stringify": {
      "version": "2.1.0",
      "resolved": "https://registry.npmjs.org/fast-json-stable-stringify/-/fast-json-stable-stringify-2.1.0.tgz",
      "integrity": "sha512-lhd/wF+Lk98HZoTCtlVraHtfh5XYijIjalXck7saUtuanSDyLMxnHhSXEDJqHxD7msR8D0uCmqlkwjCV8xvwHw=="
    },
    "glob-to-regexp": {
      "version": "0.4.1",
      "resolved": "https://registry.npmjs.org/glob-to-regexp/-/glob-to-regexp-0.4.1.tgz",
      "integrity": "sha512-lkX1HJXwyMcprw/5YUZc2s7DrpAiHB21/V+E1rHUrVNokkvB6bqMzT0VfV6/86ZNabt1k14YOIaT7nDvOX3Iiw=="
    },
    "graceful-fs": {
      "version": "4.2.11",
      "resolved": "https://registry.npmjs.org/graceful-fs/-/graceful-fs-4.2.11.tgz",
      "integrity": "sha512-RbJ5/jmFcNNCcDV5o9eTnBLJ/HszWV0P73bc+Ff4nS/rJj+YaS6IGyiOL0VoBYX+l1Wrl3k63h/KrH+nhJ0XvQ=="
    },
    "has-flag": {
      "version": "4.0.0",
      "resolved": "https://registry.npmjs.org/has-flag/-/has-flag-4.0.0.tgz",
      "integrity": "sha512-EykJT/Q1KjTWctppgIAgfSO0tKVuZUjhgMr17kqTumMl6Afv3EISleU7qZUzoXDFTAHTDC4NOoG/ZxU3EvlMPQ=="
    },
    "jest-worker": {
      "version": "27.5.1",
      "resolved": "https://registry.npmjs.org/jest-worker/-/jest-worker-27.5.1.tgz",
      "integrity": "sha512-7vuh85V5cdDofPyxn58nrPjBktZo0u9x1g8WtjQol+jZDaE+fhN+cIvTj11GndBnMnyfrUOG1sZQxCdjKh+DKg==",
      "requires": {
        "@types/node": "*",
        "merge-stream": "^2.0.0",
        "supports-color": "^8.0.0"
      }
    },
    "json-parse-even-better-errors": {
      "version": "2.3.1",
      "resolved": "https://registry.npmjs.org/json-parse-even-better-errors/-/json-parse-even-better-errors-2.3.1.tgz",
      "integrity": "sha512-xyFwyhro/JEof6Ghe2iz2NcXoj2sloNsWr/XsERDK/oiPCfaNhl5ONfp+jQdAZRQQ0IJWNzH9zIZF7li91kh2w=="
    },
    "json-schema-traverse": {
      "version": "0.4.1",
      "resolved": "https://registry.npmjs.org/json-schema-traverse/-/json-schema-traverse-0.4.1.tgz",
      "integrity": "sha512-xbbCH5dCYU5T8LcEhhuh7HJ88HXuW3qsI3Y0zOZFKfZEHcpWiHU/Jxzk629Brsab/mMiHQti9wMP+845RPe3Vg=="
    },
    "loader-runner": {
      "version": "4.3.0",
      "resolved": "https://registry.npmjs.org/loader-runner/-/loader-runner-4.3.0.tgz",
      "integrity": "sha512-3R/1M+yS3j5ou80Me59j7F9IMs4PXs3VqRrm0TU3AbKPxlmpoY1TNscJV/oGJXo8qCatFGTfDbY6W6ipGOYXfg=="
    },
    "merge-stream": {
      "version": "2.0.0",
      "resolved": "https://registry.npmjs.org/merge-stream/-/merge-stream-2.0.0.tgz",
      "integrity": "sha512-abv/qOcuPfk3URPfDzmZU1LKmuw8kT+0nIHvKrKgFrwifol/doWcdA4ZqsWQ8ENrFKkd67Mfpo/LovbIUsbt3w=="
    },
    "mime-db": {
      "version": "1.52.0",
      "resolved": "https://registry.npmjs.org/mime-db/-/mime-db-1.52.0.tgz",
      "integrity": "sha512-sPU4uV7dYlvtWJxwwxHD0PuihVNiE7TyAbQ5SWxDCB9mUYvOgroQOwYQQOKPJ8CIbE+1ETVlOoK1UC2nU3gYvg=="
    },
    "mime-types": {
      "version": "2.1.35",
      "resolved": "https://registry.npmjs.org/mime-types/-/mime-types-2.1.35.tgz",
      "integrity": "sha512-ZDY+bPm5zTTF+YpCrAU9nK0UgICYPT0QtT1NZWFv4s++TNkcgVaT0g6+4R2uI4MjQjzysHB1zxuWL50hzaeXiw==",
      "requires": {
        "mime-db": "1.52.0"
      }
    },
    "neo-async": {
      "version": "2.6.2",
      "resolved": "https://registry.npmjs.org/neo-async/-/neo-async-2.6.2.tgz",
      "integrity": "sha512-Yd3UES5mWCSqR+qNT93S3UoYUkqAZ9lLg8a7g9rimsWmYGK8cVToA4/sF3RrshdyV3sAGMXVUmpMYOw+dLpOuw=="
    },
    "node-releases": {
      "version": "2.0.12",
      "resolved": "https://registry.npmjs.org/node-releases/-/node-releases-2.0.12.tgz",
      "integrity": "sha512-QzsYKWhXTWx8h1kIvqfnC++o0pEmpRQA/aenALsL2F4pqNVr7YzcdMlDij5WBnwftRbJCNJL/O7zdKaxKPHqgQ=="
    },
    "picocolors": {
      "version": "1.0.0",
      "resolved": "https://registry.npmjs.org/picocolors/-/picocolors-1.0.0.tgz",
      "integrity": "sha512-1fygroTLlHu66zi26VoTDv8yRgm0Fccecssto+MhsZ0D/DGW2sm8E8AjW7NU5VVTRt5GxbeZ5qBuJr+HyLYkjQ=="
    },
    "punycode": {
      "version": "2.3.0",
      "resolved": "https://registry.npmjs.org/punycode/-/punycode-2.3.0.tgz",
      "integrity": "sha512-rRV+zQD8tVFys26lAGR9WUuS4iUAngJScM+ZRSKtvl5tKeZ2t5bvdNFdNHBW9FWR4guGHlgmsZ1G7BSm2wTbuA=="
    },
    "randombytes": {
      "version": "2.1.0",
      "resolved": "https://registry.npmjs.org/randombytes/-/randombytes-2.1.0.tgz",
      "integrity": "sha512-vYl3iOX+4CKUWuxGi9Ukhie6fsqXqS9FE2Zaic4tNFD2N2QQaXOMFbuKK4QmDHC0JO6B1Zp41J0LpT0oR68amQ==",
      "requires": {
        "safe-buffer": "^5.1.0"
      }
    },
    "safe-buffer": {
      "version": "5.2.1",
      "resolved": "https://registry.npmjs.org/safe-buffer/-/safe-buffer-5.2.1.tgz",
      "integrity": "sha512-rp3So07KcdmmKbGvgaNxQSJr7bGVSVk5S9Eq1F+ppbRo70+YeaDxkw5Dd8NPN+GD6bjnYm2VuPuCXmpuYvmCXQ=="
    },
    "schema-utils": {
      "version": "3.3.0",
      "resolved": "https://registry.npmjs.org/schema-utils/-/schema-utils-3.3.0.tgz",
      "integrity": "sha512-pN/yOAvcC+5rQ5nERGuwrjLlYvLTbCibnZ1I7B1LaiAz9BRBlE9GMgE/eqV30P7aJQUf7Ddimy/RsbYO/GrVGg==",
      "requires": {
        "@types/json-schema": "^7.0.8",
        "ajv": "^6.12.5",
        "ajv-keywords": "^3.5.2"
      }
    },
    "serialize-javascript": {
      "version": "6.0.1",
      "resolved": "https://registry.npmjs.org/serialize-javascript/-/serialize-javascript-6.0.1.tgz",
      "integrity": "sha512-owoXEFjWRllis8/M1Q+Cw5k8ZH40e3zhp/ovX+Xr/vi1qj6QesbyXXViFbpNvWvPNAD62SutwEXavefrLJWj7w==",
      "requires": {
        "randombytes": "^2.1.0"
      }
    },
    "source-map": {
      "version": "0.6.1",
      "resolved": "https://registry.npmjs.org/source-map/-/source-map-0.6.1.tgz",
      "integrity": "sha512-UjgapumWlbMhkBgzT7Ykc5YXUT46F0iKu8SGXq0bcwP5dz/h0Plj6enJqjz1Zbq2l5WaqYnrVbwWOWMyF3F47g=="
    },
    "source-map-support": {
      "version": "0.5.21",
      "resolved": "https://registry.npmjs.org/source-map-support/-/source-map-support-0.5.21.tgz",
      "integrity": "sha512-uBHU3L3czsIyYXKX88fdrGovxdSCoTGDRZ6SYXtSRxLZUzHg5P/66Ht6uoUlHu9EZod+inXhKo3qQgwXUT/y1w==",
      "requires": {
        "buffer-from": "^1.0.0",
        "source-map": "^0.6.0"
      }
    },
    "supports-color": {
      "version": "8.1.1",
      "resolved": "https://registry.npmjs.org/supports-color/-/supports-color-8.1.1.tgz",
      "integrity": "sha512-MpUEN2OodtUzxvKQl72cUF7RQ5EiHsGvSsVG0ia9c5RbWGL2CI4C7EpPS8UTBIplnlzZiNuV56w+FuNxy3ty2Q==",
      "requires": {
        "has-flag": "^4.0.0"
      }
    },
    "tapable": {
      "version": "2.2.1",
      "resolved": "https://registry.npmjs.org/tapable/-/tapable-2.2.1.tgz",
      "integrity": "sha512-GNzQvQTOIP6RyTfE2Qxb8ZVlNmw0n88vp1szwWRimP02mnTsx3Wtn5qRdqY9w2XduFNUgvOwhNnQsjwCp+kqaQ=="
    },
    "terser": {
      "version": "5.18.1",
      "resolved": "https://registry.npmjs.org/terser/-/terser-5.18.1.tgz",
      "integrity": "sha512-j1n0Ao919h/Ai5r43VAnfV/7azUYW43GPxK7qSATzrsERfW7+y2QW9Cp9ufnRF5CQUWbnLSo7UJokSWCqg4tsQ==",
      "requires": {
        "@jridgewell/source-map": "^0.3.3",
        "acorn": "^8.8.2",
        "commander": "^2.20.0",
        "source-map-support": "~0.5.20"
      }
    },
    "terser-webpack-plugin": {
      "version": "5.3.9",
      "resolved": "https://registry.npmjs.org/terser-webpack-plugin/-/terser-webpack-plugin-5.3.9.tgz",
      "integrity": "sha512-ZuXsqE07EcggTWQjXUj+Aot/OMcD0bMKGgF63f7UxYcu5/AJF53aIpK1YoP5xR9l6s/Hy2b+t1AM0bLNPRuhwA==",
      "requires": {
        "@jridgewell/trace-mapping": "^0.3.17",
        "jest-worker": "^27.4.5",
        "schema-utils": "^3.1.1",
        "serialize-javascript": "^6.0.1",
        "terser": "^5.16.8"
      }
    },
    "update-browserslist-db": {
      "version": "1.0.11",
      "resolved": "https://registry.npmjs.org/update-browserslist-db/-/update-browserslist-db-1.0.11.tgz",
      "integrity": "sha512-dCwEFf0/oT85M1fHBg4F0jtLwJrutGoHSQXCh7u4o2t1drG+c0a9Flnqww6XUKSfQMPpJBRjU8d4RXB09qtvaA==",
      "requires": {
        "escalade": "^3.1.1",
        "picocolors": "^1.0.0"
      }
    },
    "uri-js": {
      "version": "4.4.1",
      "resolved": "https://registry.npmjs.org/uri-js/-/uri-js-4.4.1.tgz",
      "integrity": "sha512-7rKUyy33Q1yc98pQ1DAmLtwX109F7TIfWlW1Ydo8Wl1ii1SeHieeh0HHfPeL2fMXK6z0s8ecKs9frCuLJvndBg==",
      "requires": {
        "punycode": "^2.1.0"
      }
    },
    "watchpack": {
      "version": "2.4.0",
      "resolved": "https://registry.npmjs.org/watchpack/-/watchpack-2.4.0.tgz",
      "integrity": "sha512-Lcvm7MGST/4fup+ifyKi2hjyIAwcdI4HRgtvTpIUxBRhB+RFtUh8XtDOxUfctVCnhVi+QQj49i91OyvzkJl6cg==",
      "requires": {
        "glob-to-regexp": "^0.4.1",
        "graceful-fs": "^4.1.2"
      }
    },
    "webpack": {
      "version": "5.88.0",
      "resolved": "https://registry.npmjs.org/webpack/-/webpack-5.88.0.tgz",
      "integrity": "sha512-O3jDhG5e44qIBSi/P6KpcCcH7HD+nYIHVBhdWFxcLOcIGN8zGo5nqF3BjyNCxIh4p1vFdNnreZv2h2KkoAw3lw==",
      "requires": {
        "@types/eslint-scope": "^3.7.3",
        "@types/estree": "^1.0.0",
        "@webassemblyjs/ast": "^1.11.5",
        "@webassemblyjs/wasm-edit": "^1.11.5",
        "@webassemblyjs/wasm-parser": "^1.11.5",
        "acorn": "^8.7.1",
        "acorn-import-assertions": "^1.9.0",
        "browserslist": "^4.14.5",
        "chrome-trace-event": "^1.0.2",
        "enhanced-resolve": "^5.15.0",
        "es-module-lexer": "^1.2.1",
        "eslint-scope": "5.1.1",
        "events": "^3.2.0",
        "glob-to-regexp": "^0.4.1",
        "graceful-fs": "^4.2.9",
        "json-parse-even-better-errors": "^2.3.1",
        "loader-runner": "^4.2.0",
        "mime-types": "^2.1.27",
        "neo-async": "^2.6.2",
        "schema-utils": "^3.2.0",
        "tapable": "^2.1.1",
        "terser-webpack-plugin": "^5.3.7",
        "watchpack": "^2.4.0",
        "webpack-sources": "^3.2.3"
      }
    },
    "webpack-sources": {
      "version": "3.2.3",
      "resolved": "https://registry.npmjs.org/webpack-sources/-/webpack-sources-3.2.3.tgz",
      "integrity": "sha512-/DyMEOrDgLKKIG0fmvtz+4dUX/3Ghozwgm6iPp8KRhvn+eQf9+Q7GWxVNMk3+uCPWfdXYC4ExGBckIXdFEfH1w=="
    }
  }
}
